
Microsoft Visual Studio Solution File, Format Version 12.00
# Visual Studio Version 17
VisualStudioVersion = 17.11.35303.130
MinimumVisualStudioVersion = 10.0.40219.1
Project("{FAE04EC0-301F-11D3-BF4B-00C04F79EFBC}") = "VeriskTestProject", "VeriskTestProject.csproj", "{FCE89629-B537-4720-8ECF-D65AC843C089}"
EndProject
Global
	GlobalSection(SolutionConfigurationPlatforms) = preSolution
		Debug|Any CPU = Debug|Any CPU
		Release|Any CPU = Release|Any CPU
	EndGlobalSection
	GlobalSection(ProjectConfigurationPlatforms) = postSolution
		{FCE89629-B537-4720-8ECF-D65AC843C089}.Debug|Any CPU.ActiveCfg = Debug|Any CPU
		{FCE89629-B537-4720-8ECF-D65AC843C089}.Debug|Any CPU.Build.0 = Debug|Any CPU
		{FCE89629-B537-4720-8ECF-D65AC843C089}.Release|Any CPU.ActiveCfg = Release|Any CPU
		{FCE89629-B537-4720-8ECF-D65AC843C089}.Release|Any CPU.Build.0 = Release|Any CPU
	EndGlobalSection
	GlobalSection(SolutionProperties) = preSolution
		HideSolutionNode = FALSE
	EndGlobalSection
	GlobalSection(ExtensibilityGlobals) = postSolution
		SolutionGuid = {A0CC2C3F-D79F-4D6C-89FD-F59B40F4634B}
	EndGlobalSection
EndGlobal
